
Microsoft Visual Studio Solution File, Format Version 12.00
# Visual Studio Version 16
VisualStudioVersion = 16.0.30104.148
MinimumVisualStudioVersion = 10.0.40219.1
Project("{FAE04EC0-301F-11D3-BF4B-00C04F79EFBC}") = "ELA", "ELA\ELA.csproj", "{F428F7A6-C018-4529-8621-CA3052155CB7}"
EndProject
Project("{FAE04EC0-301F-11D3-BF4B-00C04F79EFBC}") = "JPEGLibrary", "JPEGLibrary\JPEGLibrary.csproj", "{AA852596-612C-4A35-A011-DC8EBBA5406F}"
EndProject
Project("{FAE04EC0-301F-11D3-BF4B-00C04F79EFBC}") = "ConsoleTest", "ConsoleTest\ConsoleTest.csproj", "{D2638067-4CB1-4BD3-B726-F0B6DC4AF231}"
EndProject
Global
	GlobalSection(SolutionConfigurationPlatforms) = preSolution
		Debug|Any CPU = Debug|Any CPU
		Release|Any CPU = Release|Any CPU
	EndGlobalSection
	GlobalSection(ProjectConfigurationPlatforms) = postSolution
		{F428F7A6-C018-4529-8621-CA3052155CB7}.Debug|Any CPU.ActiveCfg = Debug|Any CPU
		{F428F7A6-C018-4529-8621-CA3052155CB7}.Debug|Any CPU.Build.0 = Debug|Any CPU
		{F428F7A6-C018-4529-8621-CA3052155CB7}.Release|Any CPU.ActiveCfg = Release|Any CPU
		{F428F7A6-C018-4529-8621-CA3052155CB7}.Release|Any CPU.Build.0 = Release|Any CPU
		{AA852596-612C-4A35-A011-DC8EBBA5406F}.Debug|Any CPU.ActiveCfg = Debug|Any CPU
		{AA852596-612C-4A35-A011-DC8EBBA5406F}.Debug|Any CPU.Build.0 = Debug|Any CPU
		{AA852596-612C-4A35-A011-DC8EBBA5406F}.Release|Any CPU.ActiveCfg = Release|Any CPU
		{AA852596-612C-4A35-A011-DC8EBBA5406F}.Release|Any CPU.Build.0 = Release|Any CPU
		{D2638067-4CB1-4BD3-B726-F0B6DC4AF231}.Debug|Any CPU.ActiveCfg = Debug|Any CPU
		{D2638067-4CB1-4BD3-B726-F0B6DC4AF231}.Debug|Any CPU.Build.0 = Debug|Any CPU
		{D2638067-4CB1-4BD3-B726-F0B6DC4AF231}.Release|Any CPU.ActiveCfg = Release|Any CPU
		{D2638067-4CB1-4BD3-B726-F0B6DC4AF231}.Release|Any CPU.Build.0 = Release|Any CPU
	EndGlobalSection
	GlobalSection(SolutionProperties) = preSolution
		HideSolutionNode = FALSE
	EndGlobalSection
	GlobalSection(ExtensibilityGlobals) = postSolution
		SolutionGuid = {4ED46985-CE19-4706-A62B-A2979D08F6E2}
	EndGlobalSection
EndGlobal
